// !$*UTF8*$!
{
	archiveVersion = 1;
	classes = {
	};
	objectVersion = 56;
	objects = {

/* Begin PBXBuildFile section */
		35ADC8062A5FB1DA004CE54B /* AppDelegate.swift in Sources */ = {isa = PBXBuildFile; fileRef = 35ADC8052A5FB1DA004CE54B /* AppDelegate.swift */; };
		35ADC8082A5FB1DA004CE54B /* SceneDelegate.swift in Sources */ = {isa = PBXBuildFile; fileRef = 35ADC8072A5FB1DA004CE54B /* SceneDelegate.swift */; };
		35ADC80A2A5FB1DA004CE54B /* ViewController.swift in Sources */ = {isa = PBXBuildFile; fileRef = 35ADC8092A5FB1DA004CE54B /* ViewController.swift */; };
		35ADC80D2A5FB1DA004CE54B /* Main.storyboard in Resources */ = {isa = PBXBuildFile; fileRef = 35ADC80B2A5FB1DA004CE54B /* Main.storyboard */; };
		35ADC80F2A5FB1DB004CE54B /* Assets.xcassets in Resources */ = {isa = PBXBuildFile; fileRef = 35ADC80E2A5FB1DB004CE54B /* Assets.xcassets */; };
		35ADC8122A5FB1DB004CE54B /* LaunchScreen.storyboard in Resources */ = {isa = PBXBuildFile; fileRef = 35ADC8102A5FB1DB004CE54B /* LaunchScreen.storyboard */; };
		35ADC81A2A5FB20A004CE54B /* alarm_sound.mp3 in Resources */ = {isa = PBXBuildFile; fileRef = 35ADC8192A5FB209004CE54B /* alarm_sound.mp3 */; };
/* End PBXBuildFile section */

/* Begin PBXFileReference section */
		35ADC8022A5FB1DA004CE54B /* Egg Boil Timer.app */ = {isa = PBXFileReference; explicitFileType = wrapper.application; includeInIndex = 0; path = "Egg Boil Timer.app"; sourceTree = BUILT_PRODUCTS_DIR; };
		35ADC8052A5FB1DA004CE54B /* AppDelegate.swift */ = {isa = PBXFileReference; lastKnownFileType = sourcecode.swift; path = AppDelegate.swift; sourceTree = "<group>"; };
		35ADC8072A5FB1DA004CE54B /* SceneDelegate.swift */ = {isa = PBXFileReference; lastKnownFileType = sourcecode.swift; path = SceneDelegate.swift; sourceTree = "<group>"; };
		35ADC8092A5FB1DA004CE54B /* ViewController.swift */ = {isa = PBXFileReference; lastKnownFileType = sourcecode.swift; path = ViewController.swift; sourceTree = "<group>"; };
		35ADC80C2A5FB1DA004CE54B /* Base */ = {isa = PBXFileReference; lastKnownFileType = file.storyboard; name = Base; path = Base.lproj/Main.storyboard; sourceTree = "<group>"; };
		35ADC80E2A5FB1DB004CE54B /* Assets.xcassets */ = {isa = PBXFileReference; lastKnownFileType = folder.assetcatalog; path = Assets.xcassets; sourceTree = "<group>"; };
		35ADC8112A5FB1DB004CE54B /* Base */ = {isa = PBXFileReference; lastKnownFileType = file.storyboard; name = Base; path = Base.lproj/LaunchScreen.storyboard; sourceTree = "<group>"; };
		35ADC8132A5FB1DB004CE54B /* Info.plist */ = {isa = PBXFileReference; lastKnownFileType = text.plist.xml; path = Info.plist; sourceTree = "<group>"; };
		35ADC8192A5FB209004CE54B /* alarm_sound.mp3 */ = {isa = PBXFileReference; lastKnownFileType = audio.mp3; name = alarm_sound.mp3; path = "../../../../GitHub/EggTimer-iOS13/EggTimer/alarm_sound.mp3"; sourceTree = "<group>"; };
/* End PBXFileReference section */

/* Begin PBXFrameworksBuildPhase section */
		35ADC7FF2A5FB1DA004CE54B /* Frameworks */ = {
			isa = PBXFrameworksBuildPhase;
			buildActionMask = 2147483647;
			files = (
			);
			runOnlyForDeploymentPostprocessing = 0;
		};
/* End PBXFrameworksBuildPhase section */

/* Begin PBXGroup section */
		35ADC7F92A5FB1DA004CE54B = {
			isa = PBXGroup;
			children = (
				35ADC8042A5FB1DA004CE54B /* Egg Boil Timer */,
				35ADC8032A5FB1DA004CE54B /* Products */,
			);
			sourceTree = "<group>";
		};
		35ADC8032A5FB1DA004CE54B /* Products */ = {
			isa = PBXGroup;
			children = (
				35ADC8022A5FB1DA004CE54B /* Egg Boil Timer.app */,
			);
			name = Products;
			sourceTree = "<group>";
		};
		35ADC8042A5FB1DA004CE54B /* Egg Boil Timer */ = {
			isa = PBXGroup;
			children = (
				35ADC8052A5FB1DA004CE54B /* AppDelegate.swift */,
				35ADC8072A5FB1DA004CE54B /* SceneDelegate.swift */,
				35ADC8092A5FB1DA004CE54B /* ViewController.swift */,
				35ADC80B2A5FB1DA004CE54B /* Main.storyboard */,
				35ADC80E2A5FB1DB004CE54B /* Assets.xcassets */,
				35ADC8102A5FB1DB004CE54B /* LaunchScreen.storyboard */,
				35ADC8192A5FB209004CE54B /* alarm_sound.mp3 */,
				35ADC8132A5FB1DB004CE54B /* Info.plist */,
			);
			path = "Egg Boil Timer";
			sourceTree = "<group>";
		};
/* End PBXGroup section */

/* Begin PBXNativeTarget section */
		35ADC8012A5FB1DA004CE54B /* Egg Boil Timer */ = {
			isa = PBXNativeTarget;
			buildConfigurationList = 35ADC8162A5FB1DB004CE54B /* Build configuration list for PBXNativeTarget "Egg Boil Timer" */;
			buildPhases = (
				35ADC7FE2A5FB1DA004CE54B /* Sources */,
				35ADC7FF2A5FB1DA004CE54B /* Frameworks */,
				35ADC8002A5FB1DA004CE54B /* Resources */,
			);
			buildRules = (
			);
			dependencies = (
			);
			name = "Egg Boil Timer";
			productName = "Egg Boil Timer";
			productReference = 35ADC8022A5FB1DA004CE54B /* Egg Boil Timer.app */;
			productType = "com.apple.product-type.application";
		};
/* End PBXNativeTarget section */

/* Begin PBXProject section */
		35ADC7FA2A5FB1DA004CE54B /* Project object */ = {
			isa = PBXProject;
			attributes = {
				BuildIndependentTargetsInParallel = 1;
				LastSwiftUpdateCheck = 1430;
				LastUpgradeCheck = 1430;
				TargetAttributes = {
					35ADC8012A5FB1DA004CE54B = {
						CreatedOnToolsVersion = 14.3.1;
					};
				};
			};
			buildConfigurationList = 35ADC7FD2A5FB1DA004CE54B /* Build configuration list for PBXProject "Egg Boil Timer" */;
			compatibilityVersion = "Xcode 14.0";
			developmentRegion = en;
			hasScannedForEncodings = 0;
			knownRegions = (
				en,
				Base,
			);
			mainGroup = 35ADC7F92A5FB1DA004CE54B;
			productRefGroup = 35ADC8032A5FB1DA004CE54B /* Products */;
			projectDirPath = "";
			projectRoot = "";
			targets = (
				35ADC8012A5FB1DA004CE54B /* Egg Boil Timer */,
			);
		};
/* End PBXProject section */

/* Begin PBXResourcesBuildPhase section */
		35ADC8002A5FB1DA004CE54B /* Resources */ = {
			isa = PBXResourcesBuildPhase;
			buildActionMask = 2147483647;
			files = (
				35ADC8122A5FB1DB004CE54B /* LaunchScreen.storyboard in Resources */,
				35ADC80F2A5FB1DB004CE54B /* Assets.xcassets in Resources */,
				35ADC81A2A5FB20A004CE54B /* alarm_sound.mp3 in Resources */,
				35ADC80D2A5FB1DA004CE54B /* Main.storyboard in Resources */,
			);
			runOnlyForDeploymentPostprocessing = 0;
		};
/* End PBXResourcesBuildPhase section */

/* Begin PBXSourcesBuildPhase section */
		35ADC7FE2A5FB1DA004CE54B /* Sources */ = {
			isa = PBXSourcesBuildPhase;
			buildActionMask = 2147483647;
			files = (
				35ADC80A2A5FB1DA004CE54B /* ViewController.swift in Sources */,
				35ADC8062A5FB1DA004CE54B /* AppDelegate.swift in Sources */,
				35ADC8082A5FB1DA004CE54B /* SceneDelegate.swift in Sources */,
			);
			runOnlyForDeploymentPostprocessing = 0;
		};
/* End PBXSourcesBuildPhase section */

/* Begin PBXVariantGroup section */
		35ADC80B2A5FB1DA004CE54B /* Main.storyboard */ = {
			isa = PBXVariantGroup;
			children = (
				35ADC80C2A5FB1DA004CE54B /* Base */,
			);
			name = Main.storyboard;
			sourceTree = "<group>";
		};
		35ADC8102A5FB1DB004CE54B /* LaunchScreen.storyboard */ = {
			isa = PBXVariantGroup;
			children = (
				35ADC8112A5FB1DB004CE54B /* Base */,
			);
			name = LaunchScreen.storyboard;
			sourceTree = "<group>";
		};
/* End PBXVariantGroup section */

/* Begin XCBuildConfiguration section */
		35ADC8142A5FB1DB004CE54B /* Debug */ = {
			isa = XCBuildConfiguration;
			buildSettings = {
				ALWAYS_SEARCH_USER_PATHS = NO;
				CLANG_ANALYZER_NONNULL = YES;
				CLANG_ANALYZER_NUMBER_OBJECT_CONVERSION = YES_AGGRESSIVE;
				CLANG_CXX_LANGUAGE_STANDARD = "gnu++20";
				CLANG_ENABLE_MODULES = YES;
				CLANG_ENABLE_OBJC_ARC = YES;
				CLANG_ENABLE_OBJC_WEAK = YES;
				CLANG_WARN_BLOCK_CAPTURE_AUTORELEASING = YES;
				CLANG_WARN_BOOL_CONVERSION = YES;
				CLANG_WARN_COMMA = YES;
				CLANG_WARN_CONSTANT_CONVERSION = YES;
				CLANG_WARN_DEPRECATED_OBJC_IMPLEMENTATIONS = YES;
				CLANG_WARN_DIRECT_OBJC_ISA_USAGE = YES_ERROR;
				CLANG_WARN_DOCUMENTATION_COMMENTS = YES;
				CLANG_WARN_EMPTY_BODY = YES;
				CLANG_WARN_ENUM_CONVERSION = YES;
				CLANG_WARN_INFINITE_RECURSION = YES;
				CLANG_WARN_INT_CONVERSION = YES;
				CLANG_WARN_NON_LITERAL_NULL_CONVERSION = YES;
				CLANG_WARN_OBJC_IMPLICIT_RETAIN_SELF = YES;
				CLANG_WARN_OBJC_LITERAL_CONVERSION = YES;
				CLANG_WARN_OBJC_ROOT_CLASS = YES_ERROR;
				CLANG_WARN_QUOTED_INCLUDE_IN_FRAMEWORK_HEADER = YES;
				CLANG_WARN_RANGE_LOOP_ANALYSIS = YES;
				CLANG_WARN_STRICT_PROTOTYPES = YES;
				CLANG_WARN_SUSPICIOUS_MOVE = YES;
				CLANG_WARN_UNGUARDED_AVAILABILITY = YES_AGGRESSIVE;
				CLANG_WARN_UNREACHABLE_CODE = YES;
				CLANG_WARN__DUPLICATE_METHOD_MATCH = YES;
				COPY_PHASE_STRIP = NO;
				DEBUG_INFORMATION_FORMAT = dwarf;
				ENABLE_STRICT_OBJC_MSGSEND = YES;
				ENABLE_TESTABILITY = YES;
				GCC_C_LANGUAGE_STANDARD = gnu11;
				GCC_DYNAMIC_NO_PIC = NO;
				GCC_NO_COMMON_BLOCKS = YES;
				GCC_OPTIMIZATION_LEVEL = 0;
				GCC_PREPROCESSOR_DEFINITIONS = (
					"DEBUG=1",
					"$(inherited)",
				);
				GCC_WARN_64_TO_32_BIT_CONVERSION = YES;
				GCC_WARN_ABOUT_RETURN_TYPE = YES_ERROR;
				GCC_WARN_UNDECLARED_SELECTOR = YES;
				GCC_WARN_UNINITIALIZED_AUTOS = YES_AGGRESSIVE;
				GCC_WARN_UNUSED_FUNCTION = YES;
				GCC_WARN_UNUSED_VARIABLE = YES;
				IPHONEOS_DEPLOYMENT_TARGET = 16.4;
				MTL_ENABLE_DEBUG_INFO = INCLUDE_SOURCE;
				MTL_FAST_MATH = YES;
				ONLY_ACTIVE_ARCH = YES;
				SDKROOT = iphoneos;
				SWIFT_ACTIVE_COMPILATION_CONDITIONS = DEBUG;
				SWIFT_OPTIMIZATION_LEVEL = "-Onone";
			};
			name = Debug;
		};
		35ADC8152A5FB1DB004CE54B /* Release */ = {
			isa = XCBuildConfiguration;
			buildSettings = {
				ALWAYS_SEARCH_USER_PATHS = NO;
				CLANG_ANALYZER_NONNULL = YES;
				CLANG_ANALYZER_NUMBER_OBJECT_CONVERSION = YES_AGGRESSIVE;
				CLANG_CXX_LANGUAGE_STANDARD = "gnu++20";
				CLANG_ENABLE_MODULES = YES;
				CLANG_ENABLE_OBJC_ARC = YES;
				CLANG_ENABLE_OBJC_WEAK = YES;
				CLANG_WARN_BLOCK_CAPTURE_AUTORELEASING = YES;
				CLANG_WARN_BOOL_CONVERSION = YES;
				CLANG_WARN_COMMA = YES;
				CLANG_WARN_CONSTANT_CONVERSION = YES;
				CLANG_WARN_DEPRECATED_OBJC_IMPLEMENTATIONS = YES;
				CLANG_WARN_DIRECT_OBJC_ISA_USAGE = YES_ERROR;
				CLANG_WARN_DOCUMENTATION_COMMENTS = YES;
				CLANG_WARN_EMPTY_BODY = YES;
				CLANG_WARN_ENUM_CONVERSION = YES;
				CLANG_WARN_INFINITE_RECURSION = YES;
				CLANG_WARN_INT_CONVERSION = YES;
				CLANG_WARN_NON_LITERAL_NULL_CONVERSION = YES;
				CLANG_WARN_OBJC_IMPLICIT_RETAIN_SELF = YES;
				CLANG_WARN_OBJC_LITERAL_CONVERSION = YES;
				CLANG_WARN_OBJC_ROOT_CLASS = YES_ERROR;
				CLANG_WARN_QUOTED_INCLUDE_IN_FRAMEWORK_HEADER = YES;
				CLANG_WARN_RANGE_LOOP_ANALYSIS = YES;
				CLANG_WARN_STRICT_PROTOTYPES = YES;
				CLANG_WARN_SUSPICIOUS_MOVE = YES;
				CLANG_WARN_UNGUARDED_AVAILABILITY = YES_AGGRESSIVE;
				CLANG_WARN_UNREACHABLE_CODE = YES;
				CLANG_WARN__DUPLICATE_METHOD_MATCH = YES;
				COPY_PHASE_STRIP = NO;
				DEBUG_INFORMATION_FORMAT = "dwarf-with-dsym";
				ENABLE_NS_ASSERTIONS = NO;
				ENABLE_STRICT_OBJC_MSGSEND = YES;
				GCC_C_LANGUAGE_STANDARD = gnu11;
				GCC_NO_COMMON_BLOCKS = YES;
				GCC_WARN_64_TO_32_BIT_CONVERSION = YES;
				GCC_WARN_ABOUT_RETURN_TYPE = YES_ERROR;
				GCC_WARN_UNDECLARED_SELECTOR = YES;
				GCC_WARN_UNINITIALIZED_AUTOS = YES_AGGRESSIVE;
				GCC_WARN_UNUSED_FUNCTION = YES;
				GCC_WARN_UNUSED_VARIABLE = YES;
				IPHONEOS_DEPLOYMENT_TARGET = 16.4;
				MTL_ENABLE_DEBUG_INFO = NO;
				MTL_FAST_MATH = YES;
				SDKROOT = iphoneos;
				SWIFT_COMPILATION_MODE = wholemodule;
				SWIFT_OPTIMIZATION_LEVEL = "-O";
				VALIDATE_PRODUCT = YES;
			};
			name = Release;
		};
		35ADC8172A5FB1DB004CE54B /* Debug */ = {
			isa = XCBuildConfiguration;
			buildSettings = {
				ASSETCATALOG_COMPILER_APPICON_NAME = AppIcon;
				ASSETCATALOG_COMPILER_GLOBAL_ACCENT_COLOR_NAME = AccentColor;
				CODE_SIGN_STYLE = Automatic;
				CURRENT_PROJECT_VERSION = 1;
				DEVELOPMENT_TEAM = HL7V8WXJ4W;
				GENERATE_INFOPLIST_FILE = YES;
				INFOPLIST_FILE = "Egg Boil Timer/Info.plist";
				INFOPLIST_KEY_UIApplicationSupportsIndirectInputEvents = YES;
				INFOPLIST_KEY_UILaunchStoryboardName = LaunchScreen;
				INFOPLIST_KEY_UIMainStoryboardFile = Main;
				INFOPLIST_KEY_UISupportedInterfaceOrientations_iPad = "UIInterfaceOrientationPortrait UIInterfaceOrientationPortraitUpsideDown UIInterfaceOrientationLandscapeLeft UIInterfaceOrientationLandscapeRight";
				INFOPLIST_KEY_UISupportedInterfaceOrientations_iPhone = "UIInterfaceOrientationPortrait UIInterfaceOrientationLandscapeLeft UIInterfaceOrientationLandscapeRight";
				LD_RUNPATH_SEARCH_PATHS = (
					"$(inherited)",
					"@executable_path/Frameworks",
				);
				MARKETING_VERSION = 1.0;
				PRODUCT_BUNDLE_IDENTIFIER = "co.jp.PNL.Egg-Boil-Timer";
				PRODUCT_NAME = "$(TARGET_NAME)";
				SWIFT_EMIT_LOC_STRINGS = YES;
				SWIFT_VERSION = 5.0;
				TARGETED_DEVICE_FAMILY = "1,2";
			};
			name = Debug;
		};
		35ADC8182A5FB1DB004CE54B /* Release */ = {
			isa = XCBuildConfiguration;
			buildSettings = {
				ASSETCATALOG_COMPILER_APPICON_NAME = AppIcon;
				ASSETCATALOG_COMPILER_GLOBAL_ACCENT_COLOR_NAME = AccentColor;
				CODE_SIGN_STYLE = Automatic;
				CURRENT_PROJECT_VERSION = 1;
				DEVELOPMENT_TEAM = HL7V8WXJ4W;
				GENERATE_INFOPLIST_FILE = YES;
				INFOPLIST_FILE = "Egg Boil Timer/Info.plist";
				INFOPLIST_KEY_UIApplicationSupportsIndirectInputEvents = YES;
				INFOPLIST_KEY_UILaunchStoryboardName = LaunchScreen;
				INFOPLIST_KEY_UIMainStoryboardFile = Main;
				INFOPLIST_KEY_UISupportedInterfaceOrientations_iPad = "UIInterfaceOrientationPortrait UIInterfaceOrientationPortraitUpsideDown UIInterfaceOrientationLandscapeLeft UIInterfaceOrientationLandscapeRight";
				INFOPLIST_KEY_UISupportedInterfaceOrientations_iPhone = "UIInterfaceOrientationPortrait UIInterfaceOrientationLandscapeLeft UIInterfaceOrientationLandscapeRight";
				LD_RUNPATH_SEARCH_PATHS = (
					"$(inherited)",
					"@executable_path/Frameworks",
				);
				MARKETING_VERSION = 1.0;
				PRODUCT_BUNDLE_IDENTIFIER = "co.jp.PNL.Egg-Boil-Timer";
				PRODUCT_NAME = "$(TARGET_NAME)";
				SWIFT_EMIT_LOC_STRINGS = YES;
				SWIFT_VERSION = 5.0;
				TARGETED_DEVICE_FAMILY = "1,2";
			};
			name = Release;
		};
/* End XCBuildConfiguration section */

/* Begin XCConfigurationList section */
		35ADC7FD2A5FB1DA004CE54B /* Build configuration list for PBXProject "Egg Boil Timer" */ = {
			isa = XCConfigurationList;
			buildConfigurations = (
				35ADC8142A5FB1DB004CE54B /* Debug */,
				35ADC8152A5FB1DB004CE54B /* Release */,
			);
			defaultConfigurationIsVisible = 0;
			defaultConfigurationName = Release;
		};
		35ADC8162A5FB1DB004CE54B /* Build configuration list for PBXNativeTarget "Egg Boil Timer" */ = {
			isa = XCConfigurationList;
			buildConfigurations = (
				35ADC8172A5FB1DB004CE54B /* Debug */,
				35ADC8182A5FB1DB004CE54B /* Release */,
			);
			defaultConfigurationIsVisible = 0;
			defaultConfigurationName = Release;
		};
/* End XCConfigurationList section */
	};
	rootObject = 35ADC7FA2A5FB1DA004CE54B /* Project object */;
}
